// !$*UTF8*$!
{
	archiveVersion = 1;
	classes = {
	};
	objectVersion = 46;
	objects = {

/* Begin PBXBuildFile section */
		7B0D1CAB430CA2FE6784379F /* Pods_SwiftDogParkAlamofire.framework in Frameworks */ = {isa = PBXBuildFile; fileRef = 5B28144F708F9A2810F7F9F8 /* Pods_SwiftDogParkAlamofire.framework */; };
		B0C359411ED37C33000205DC /* AppDelegate.swift in Sources */ = {isa = PBXBuildFile; fileRef = B0C359401ED37C33000205DC /* AppDelegate.swift */; };
		B0C359431ED37C33000205DC /* DogParkViewController.swift in Sources */ = {isa = PBXBuildFile; fileRef = B0C359421ED37C33000205DC /* DogParkViewController.swift */; };
		B0C359461ED37C33000205DC /* Main.storyboard in Resources */ = {isa = PBXBuildFile; fileRef = B0C359441ED37C33000205DC /* Main.storyboard */; };
		B0C359481ED37C33000205DC /* Assets.xcassets in Resources */ = {isa = PBXBuildFile; fileRef = B0C359471ED37C33000205DC /* Assets.xcassets */; };
		B0C3594B1ED37C33000205DC /* LaunchScreen.storyboard in Resources */ = {isa = PBXBuildFile; fileRef = B0C359491ED37C33000205DC /* LaunchScreen.storyboard */; };
		B0C359541ED37D2D000205DC /* DogPark.swift in Sources */ = {isa = PBXBuildFile; fileRef = B0C359521ED37D2D000205DC /* DogPark.swift */; };
		B0C359551ED37D2D000205DC /* Search.swift in Sources */ = {isa = PBXBuildFile; fileRef = B0C359531ED37D2D000205DC /* Search.swift */; };
/* End PBXBuildFile section */

/* Begin PBXFileReference section */
		1CEE5E61E5297984DFAB475E /* Pods-SwiftDogParkAlamofire.release.xcconfig */ = {isa = PBXFileReference; includeInIndex = 1; lastKnownFileType = text.xcconfig; name = "Pods-SwiftDogParkAlamofire.release.xcconfig"; path = "Pods/Target Support Files/Pods-SwiftDogParkAlamofire/Pods-SwiftDogParkAlamofire.release.xcconfig"; sourceTree = "<group>"; };
		37A9D91978375A11A8F47B54 /* Pods-SwiftDogParkAlamofire.debug.xcconfig */ = {isa = PBXFileReference; includeInIndex = 1; lastKnownFileType = text.xcconfig; name = "Pods-SwiftDogParkAlamofire.debug.xcconfig"; path = "Pods/Target Support Files/Pods-SwiftDogParkAlamofire/Pods-SwiftDogParkAlamofire.debug.xcconfig"; sourceTree = "<group>"; };
		5B28144F708F9A2810F7F9F8 /* Pods_SwiftDogParkAlamofire.framework */ = {isa = PBXFileReference; explicitFileType = wrapper.framework; includeInIndex = 0; path = Pods_SwiftDogParkAlamofire.framework; sourceTree = BUILT_PRODUCTS_DIR; };
		B0C3593D1ED37C32000205DC /* SwiftDogParkAlamofire.app */ = {isa = PBXFileReference; explicitFileType = wrapper.application; includeInIndex = 0; path = SwiftDogParkAlamofire.app; sourceTree = BUILT_PRODUCTS_DIR; };
		B0C359401ED37C33000205DC /* AppDelegate.swift */ = {isa = PBXFileReference; lastKnownFileType = sourcecode.swift; path = AppDelegate.swift; sourceTree = "<group>"; };
		B0C359421ED37C33000205DC /* DogParkViewController.swift */ = {isa = PBXFileReference; lastKnownFileType = sourcecode.swift; path = DogParkViewController.swift; sourceTree = "<group>"; };
		B0C359451ED37C33000205DC /* Base */ = {isa = PBXFileReference; lastKnownFileType = file.storyboard; name = Base; path = Base.lproj/Main.storyboard; sourceTree = "<group>"; };
		B0C359471ED37C33000205DC /* Assets.xcassets */ = {isa = PBXFileReference; lastKnownFileType = folder.assetcatalog; path = Assets.xcassets; sourceTree = "<group>"; };
		B0C3594A1ED37C33000205DC /* Base */ = {isa = PBXFileReference; lastKnownFileType = file.storyboard; name = Base; path = Base.lproj/LaunchScreen.storyboard; sourceTree = "<group>"; };
		B0C3594C1ED37C33000205DC /* Info.plist */ = {isa = PBXFileReference; lastKnownFileType = text.plist.xml; path = Info.plist; sourceTree = "<group>"; };
		B0C359521ED37D2D000205DC /* DogPark.swift */ = {isa = PBXFileReference; fileEncoding = 4; lastKnownFileType = sourcecode.swift; path = DogPark.swift; sourceTree = "<group>"; };
		B0C359531ED37D2D000205DC /* Search.swift */ = {isa = PBXFileReference; fileEncoding = 4; lastKnownFileType = sourcecode.swift; path = Search.swift; sourceTree = "<group>"; };
/* End PBXFileReference section */

/* Begin PBXFrameworksBuildPhase section */
		B0C3593A1ED37C32000205DC /* Frameworks */ = {
			isa = PBXFrameworksBuildPhase;
			buildActionMask = 2147483647;
			files = (
				7B0D1CAB430CA2FE6784379F /* Pods_SwiftDogParkAlamofire.framework in Frameworks */,
			);
			runOnlyForDeploymentPostprocessing = 0;
		};
/* End PBXFrameworksBuildPhase section */

/* Begin PBXGroup section */
		474802B1F50F5FF32F1B4926 /* Frameworks */ = {
			isa = PBXGroup;
			children = (
				5B28144F708F9A2810F7F9F8 /* Pods_SwiftDogParkAlamofire.framework */,
			);
			name = Frameworks;
			sourceTree = "<group>";
		};
		58025BF360BF29869A5BF209 /* Pods */ = {
			isa = PBXGroup;
			children = (
				37A9D91978375A11A8F47B54 /* Pods-SwiftDogParkAlamofire.debug.xcconfig */,
				1CEE5E61E5297984DFAB475E /* Pods-SwiftDogParkAlamofire.release.xcconfig */,
			);
			name = Pods;
			sourceTree = "<group>";
		};
		B0C359341ED37C32000205DC = {
			isa = PBXGroup;
			children = (
				B0C3593F1ED37C32000205DC /* SwiftDogParkAlamofire */,
				B0C3593E1ED37C32000205DC /* Products */,
				58025BF360BF29869A5BF209 /* Pods */,
				474802B1F50F5FF32F1B4926 /* Frameworks */,
			);
			sourceTree = "<group>";
		};
		B0C3593E1ED37C32000205DC /* Products */ = {
			isa = PBXGroup;
			children = (
				B0C3593D1ED37C32000205DC /* SwiftDogParkAlamofire.app */,
			);
			name = Products;
			sourceTree = "<group>";
		};
		B0C3593F1ED37C32000205DC /* SwiftDogParkAlamofire */ = {
			isa = PBXGroup;
			children = (
				B0C359401ED37C33000205DC /* AppDelegate.swift */,
				B0C359421ED37C33000205DC /* DogParkViewController.swift */,
				B0C359521ED37D2D000205DC /* DogPark.swift */,
				B0C359531ED37D2D000205DC /* Search.swift */,
				B0C359441ED37C33000205DC /* Main.storyboard */,
				B0C359471ED37C33000205DC /* Assets.xcassets */,
				B0C359491ED37C33000205DC /* LaunchScreen.storyboard */,
				B0C3594C1ED37C33000205DC /* Info.plist */,
			);
			path = SwiftDogParkAlamofire;
			sourceTree = "<group>";
		};
/* End PBXGroup section */

/* Begin PBXNativeTarget section */
		B0C3593C1ED37C32000205DC /* SwiftDogParkAlamofire */ = {
			isa = PBXNativeTarget;
			buildConfigurationList = B0C3594F1ED37C33000205DC /* Build configuration list for PBXNativeTarget "SwiftDogParkAlamofire" */;
			buildPhases = (
				FD7E610AC54649C81475D011 /* [CP] Check Pods Manifest.lock */,
				B0C359391ED37C32000205DC /* Sources */,
				B0C3593A1ED37C32000205DC /* Frameworks */,
				B0C3593B1ED37C32000205DC /* Resources */,
				2A777F73D42A5B5C0E946935 /* [CP] Embed Pods Frameworks */,
				BBFBFC0529132385B7B1C42F /* [CP] Copy Pods Resources */,
			);
			buildRules = (
			);
			dependencies = (
			);
			name = SwiftDogParkAlamofire;
			productName = SwiftDogParkAlamofire;
			productReference = B0C3593D1ED37C32000205DC /* SwiftDogParkAlamofire.app */;
			productType = "com.apple.product-type.application";
		};
/* End PBXNativeTarget section */

/* Begin PBXProject section */
		B0C359351ED37C32000205DC /* Project object */ = {
			isa = PBXProject;
			attributes = {
				LastSwiftUpdateCheck = 0820;
				LastUpgradeCheck = 0820;
				ORGANIZATIONNAME = edu;
				TargetAttributes = {
					B0C3593C1ED37C32000205DC = {
						CreatedOnToolsVersion = 8.2;
						ProvisioningStyle = Automatic;
					};
				};
			};
			buildConfigurationList = B0C359381ED37C32000205DC /* Build configuration list for PBXProject "SwiftDogParkAlamofire" */;
			compatibilityVersion = "Xcode 3.2";
			developmentRegion = English;
			hasScannedForEncodings = 0;
			knownRegions = (
				en,
				Base,
			);
			mainGroup = B0C359341ED37C32000205DC;
			productRefGroup = B0C3593E1ED37C32000205DC /* Products */;
			projectDirPath = "";
			projectRoot = "";
			targets = (
				B0C3593C1ED37C32000205DC /* SwiftDogParkAlamofire */,
			);
		};
/* End PBXProject section */

/* Begin PBXResourcesBuildPhase section */
		B0C3593B1ED37C32000205DC /* Resources */ = {
			isa = PBXResourcesBuildPhase;
			buildActionMask = 2147483647;
			files = (
				B0C3594B1ED37C33000205DC /* LaunchScreen.storyboard in Resources */,
				B0C359481ED37C33000205DC /* Assets.xcassets in Resources */,
				B0C359461ED37C33000205DC /* Main.storyboard in Resources */,
			);
			runOnlyForDeploymentPostprocessing = 0;
		};
/* End PBXResourcesBuildPhase section */

/* Begin PBXShellScriptBuildPhase section */
		2A777F73D42A5B5C0E946935 /* [CP] Embed Pods Frameworks */ = {
			isa = PBXShellScriptBuildPhase;
			buildActionMask = 2147483647;
			files = (
			);
			inputPaths = (
			);
			name = "[CP] Embed Pods Frameworks";
			outputPaths = (
			);
			runOnlyForDeploymentPostprocessing = 0;
			shellPath = /bin/sh;
			shellScript = "\"${SRCROOT}/Pods/Target Support Files/Pods-SwiftDogParkAlamofire/Pods-SwiftDogParkAlamofire-frameworks.sh\"\n";
			showEnvVarsInLog = 0;
		};
		BBFBFC0529132385B7B1C42F /* [CP] Copy Pods Resources */ = {
			isa = PBXShellScriptBuildPhase;
			buildActionMask = 2147483647;
			files = (
			);
			inputPaths = (
			);
			name = "[CP] Copy Pods Resources";
			outputPaths = (
			);
			runOnlyForDeploymentPostprocessing = 0;
			shellPath = /bin/sh;
			shellScript = "\"${SRCROOT}/Pods/Target Support Files/Pods-SwiftDogParkAlamofire/Pods-SwiftDogParkAlamofire-resources.sh\"\n";
			showEnvVarsInLog = 0;
		};
		FD7E610AC54649C81475D011 /* [CP] Check Pods Manifest.lock */ = {
			isa = PBXShellScriptBuildPhase;
			buildActionMask = 2147483647;
			files = (
			);
			inputPaths = (
			);
			name = "[CP] Check Pods Manifest.lock";
			outputPaths = (
			);
			runOnlyForDeploymentPostprocessing = 0;
			shellPath = /bin/sh;
			shellScript = "diff \"${PODS_ROOT}/../Podfile.lock\" \"${PODS_ROOT}/Manifest.lock\" > /dev/null\nif [ $? != 0 ] ; then\n    # print error to STDERR\n    echo \"error: The sandbox is not in sync with the Podfile.lock. Run 'pod install' or update your CocoaPods installation.\" >&2\n    exit 1\nfi\n";
			showEnvVarsInLog = 0;
		};
/* End PBXShellScriptBuildPhase section */

/* Begin PBXSourcesBuildPhase section */
		B0C359391ED37C32000205DC /* Sources */ = {
			isa = PBXSourcesBuildPhase;
			buildActionMask = 2147483647;
			files = (
				B0C359541ED37D2D000205DC /* DogPark.swift in Sources */,
				B0C359551ED37D2D000205DC /* Search.swift in Sources */,
				B0C359431ED37C33000205DC /* DogParkViewController.swift in Sources */,
				B0C359411ED37C33000205DC /* AppDelegate.swift in Sources */,
			);
			runOnlyForDeploymentPostprocessing = 0;
		};
/* End PBXSourcesBuildPhase section */

/* Begin PBXVariantGroup section */
		B0C359441ED37C33000205DC /* Main.storyboard */ = {
			isa = PBXVariantGroup;
			children = (
				B0C359451ED37C33000205DC /* Base */,
			);
			name = Main.storyboard;
			sourceTree = "<group>";
		};
		B0C359491ED37C33000205DC /* LaunchScreen.storyboard */ = {
			isa = PBXVariantGroup;
			children = (
				B0C3594A1ED37C33000205DC /* Base */,
			);
			name = LaunchScreen.storyboard;
			sourceTree = "<group>";
		};
/* End PBXVariantGroup section */

/* Begin XCBuildConfiguration section */
		B0C3594D1ED37C33000205DC /* Debug */ = {
			isa = XCBuildConfiguration;
			buildSettings = {
				ALWAYS_SEARCH_USER_PATHS = NO;
				CLANG_ANALYZER_NONNULL = YES;
				CLANG_CXX_LANGUAGE_STANDARD = "gnu++0x";
				CLANG_CXX_LIBRARY = "libc++";
				CLANG_ENABLE_MODULES = YES;
				CLANG_ENABLE_OBJC_ARC = YES;
				CLANG_WARN_BOOL_CONVERSION = YES;
				CLANG_WARN_CONSTANT_CONVERSION = YES;
				CLANG_WARN_DIRECT_OBJC_ISA_USAGE = YES_ERROR;
				CLANG_WARN_DOCUMENTATION_COMMENTS = YES;
				CLANG_WARN_EMPTY_BODY = YES;
				CLANG_WARN_ENUM_CONVERSION = YES;
				CLANG_WARN_INFINITE_RECURSION = YES;
				CLANG_WARN_INT_CONVERSION = YES;
				CLANG_WARN_OBJC_ROOT_CLASS = YES_ERROR;
				CLANG_WARN_SUSPICIOUS_MOVE = YES;
				CLANG_WARN_UNREACHABLE_CODE = YES;
				CLANG_WARN__DUPLICATE_METHOD_MATCH = YES;
				"CODE_SIGN_IDENTITY[sdk=iphoneos*]" = "iPhone Developer";
				COPY_PHASE_STRIP = NO;
				DEBUG_INFORMATION_FORMAT = dwarf;
				ENABLE_STRICT_OBJC_MSGSEND = YES;
				ENABLE_TESTABILITY = YES;
				GCC_C_LANGUAGE_STANDARD = gnu99;
				GCC_DYNAMIC_NO_PIC = NO;
				GCC_NO_COMMON_BLOCKS = YES;
				GCC_OPTIMIZATION_LEVEL = 0;
				GCC_PREPROCESSOR_DEFINITIONS = (
					"DEBUG=1",
					"$(inherited)",
				);
				GCC_WARN_64_TO_32_BIT_CONVERSION = YES;
				GCC_WARN_ABOUT_RETURN_TYPE = YES_ERROR;
				GCC_WARN_UNDECLARED_SELECTOR = YES;
				GCC_WARN_UNINITIALIZED_AUTOS = YES_AGGRESSIVE;
				GCC_WARN_UNUSED_FUNCTION = YES;
				GCC_WARN_UNUSED_VARIABLE = YES;
				IPHONEOS_DEPLOYMENT_TARGET = 10.2;
				MTL_ENABLE_DEBUG_INFO = YES;
				ONLY_ACTIVE_ARCH = YES;
				SDKROOT = iphoneos;
				SWIFT_ACTIVE_COMPILATION_CONDITIONS = DEBUG;
				SWIFT_OPTIMIZATION_LEVEL = "-Onone";
			};
			name = Debug;
		};
		B0C3594E1ED37C33000205DC /* Release */ = {
			isa = XCBuildConfiguration;
			buildSettings = {
				ALWAYS_SEARCH_USER_PATHS = NO;
				CLANG_ANALYZER_NONNULL = YES;
				CLANG_CXX_LANGUAGE_STANDARD = "gnu++0x";
				CLANG_CXX_LIBRARY = "libc++";
				CLANG_ENABLE_MODULES = YES;
				CLANG_ENABLE_OBJC_ARC = YES;
				CLANG_WARN_BOOL_CONVERSION = YES;
				CLANG_WARN_CONSTANT_CONVERSION = YES;
				CLANG_WARN_DIRECT_OBJC_ISA_USAGE = YES_ERROR;
				CLANG_WARN_DOCUMENTATION_COMMENTS = YES;
				CLANG_WARN_EMPTY_BODY = YES;
				CLANG_WARN_ENUM_CONVERSION = YES;
				CLANG_WARN_INFINITE_RECURSION = YES;
				CLANG_WARN_INT_CONVERSION = YES;
				CLANG_WARN_OBJC_ROOT_CLASS = YES_ERROR;
				CLANG_WARN_SUSPICIOUS_MOVE = YES;
				CLANG_WARN_UNREACHABLE_CODE = YES;
				CLANG_WARN__DUPLICATE_METHOD_MATCH = YES;
				"CODE_SIGN_IDENTITY[sdk=iphoneos*]" = "iPhone Developer";
				COPY_PHASE_STRIP = NO;
				DEBUG_INFORMATION_FORMAT = "dwarf-with-dsym";
				ENABLE_NS_ASSERTIONS = NO;
				ENABLE_STRICT_OBJC_MSGSEND = YES;
				GCC_C_LANGUAGE_STANDARD = gnu99;
				GCC_NO_COMMON_BLOCKS = YES;
				GCC_WARN_64_TO_32_BIT_CONVERSION = YES;
				GCC_WARN_ABOUT_RETURN_TYPE = YES_ERROR;
				GCC_WARN_UNDECLARED_SELECTOR = YES;
				GCC_WARN_UNINITIALIZED_AUTOS = YES_AGGRESSIVE;
				GCC_WARN_UNUSED_FUNCTION = YES;
				GCC_WARN_UNUSED_VARIABLE = YES;
				IPHONEOS_DEPLOYMENT_TARGET = 10.2;
				MTL_ENABLE_DEBUG_INFO = NO;
				SDKROOT = iphoneos;
				SWIFT_OPTIMIZATION_LEVEL = "-Owholemodule";
				VALIDATE_PRODUCT = YES;
			};
			name = Release;
		};
		B0C359501ED37C33000205DC /* Debug */ = {
			isa = XCBuildConfiguration;
			baseConfigurationReference = 37A9D91978375A11A8F47B54 /* Pods-SwiftDogParkAlamofire.debug.xcconfig */;
			buildSettings = {
				ASSETCATALOG_COMPILER_APPICON_NAME = AppIcon;
				INFOPLIST_FILE = SwiftDogParkAlamofire/Info.plist;
				LD_RUNPATH_SEARCH_PATHS = "$(inherited) @executable_path/Frameworks";
				PRODUCT_BUNDLE_IDENTIFIER = com.edu.SwiftDogParkAlamofire;
				PRODUCT_NAME = "$(TARGET_NAME)";
				SWIFT_VERSION = 3.0;
			};
			name = Debug;
		};
		B0C359511ED37C33000205DC /* Release */ = {
			isa = XCBuildConfiguration;
			baseConfigurationReference = 1CEE5E61E5297984DFAB475E /* Pods-SwiftDogParkAlamofire.release.xcconfig */;
			buildSettings = {
				ASSETCATALOG_COMPILER_APPICON_NAME = AppIcon;
				INFOPLIST_FILE = SwiftDogParkAlamofire/Info.plist;
				LD_RUNPATH_SEARCH_PATHS = "$(inherited) @executable_path/Frameworks";
				PRODUCT_BUNDLE_IDENTIFIER = com.edu.SwiftDogParkAlamofire;
				PRODUCT_NAME = "$(TARGET_NAME)";
				SWIFT_VERSION = 3.0;
			};
			name = Release;
		};
/* End XCBuildConfiguration section */

/* Begin XCConfigurationList section */
		B0C359381ED37C32000205DC /* Build configuration list for PBXProject "SwiftDogParkAlamofire" */ = {
			isa = XCConfigurationList;
			buildConfigurations = (
				B0C3594D1ED37C33000205DC /* Debug */,
				B0C3594E1ED37C33000205DC /* Release */,
			);
			defaultConfigurationIsVisible = 0;
			defaultConfigurationName = Release;
		};
		B0C3594F1ED37C33000205DC /* Build configuration list for PBXNativeTarget "SwiftDogParkAlamofire" */ = {
			isa = XCConfigurationList;
			buildConfigurations = (
				B0C359501ED37C33000205DC /* Debug */,
				B0C359511ED37C33000205DC /* Release */,
			);
			defaultConfigurationIsVisible = 0;
		};
/* End XCConfigurationList section */
	};
	rootObject = B0C359351ED37C32000205DC /* Project object */;
}
